
Microsoft Visual Studio Solution File, Format Version 12.00
# Visual Studio Version 16
VisualStudioVersion = 16.0.31424.327
MinimumVisualStudioVersion = 10.0.40219.1
Project("{FAE04EC0-301F-11D3-BF4B-00C04F79EFBC}") = "TrafikmeldingerTestApp", "TrafikmeldingerTestApp.csproj", "{7708B0A7-594B-4459-BB5D-9AB3B58ADB94}"
EndProject
Global
	GlobalSection(SolutionConfigurationPlatforms) = preSolution
		Debug|Any CPU = Debug|Any CPU
		Release|Any CPU = Release|Any CPU
	EndGlobalSection
	GlobalSection(ProjectConfigurationPlatforms) = postSolution
		{7708B0A7-594B-4459-BB5D-9AB3B58ADB94}.Debug|Any CPU.ActiveCfg = Debug|Any CPU
		{7708B0A7-594B-4459-BB5D-9AB3B58ADB94}.Debug|Any CPU.Build.0 = Debug|Any CPU
		{7708B0A7-594B-4459-BB5D-9AB3B58ADB94}.Release|Any CPU.ActiveCfg = Release|Any CPU
		{7708B0A7-594B-4459-BB5D-9AB3B58ADB94}.Release|Any CPU.Build.0 = Release|Any CPU
	EndGlobalSection
	GlobalSection(SolutionProperties) = preSolution
		HideSolutionNode = FALSE
	EndGlobalSection
	GlobalSection(ExtensibilityGlobals) = postSolution
		SolutionGuid = {1687E13F-9129-4E99-9F83-486386FD9348}
	EndGlobalSection
EndGlobal
